// !$*UTF8*$!
{
	archiveVersion = 1;
	classes = {
	};
	objectVersion = 46;
	objects = {

/* Begin PBXBuildFile section */
		B202B4AC1C018B2F006F6F9B /* main.cpp in Sources */ = {isa = PBXBuildFile; fileRef = B275D6831BFDB6730061D372 /* main.cpp */; settings = {ASSET_TAGS = (); }; };
		B21153BD1BF9C0EE006C0723 /* libcrypto.1.0.0.dylib in Frameworks */ = {isa = PBXBuildFile; fileRef = B21153BC1BF9C0EE006C0723 /* libcrypto.1.0.0.dylib */; };
		B21153BF1BF9C109006C0723 /* libssl.1.0.0.dylib in Frameworks */ = {isa = PBXBuildFile; fileRef = B21153BE1BF9C109006C0723 /* libssl.1.0.0.dylib */; };
		B21153C01BF9C1CA006C0723 /* libboost_system.dylib in Frameworks */ = {isa = PBXBuildFile; fileRef = B26B48121B64583E009262A4 /* libboost_system.dylib */; };
		B216B1A31B87E57100CE0DE9 /* main.cpp in Sources */ = {isa = PBXBuildFile; fileRef = B216B1A21B87E57100CE0DE9 /* main.cpp */; };
		B21E69341BF819EA00532135 /* EgSslServer.cpp in Sources */ = {isa = PBXBuildFile; fileRef = B21E69321BF819EA00532135 /* EgSslServer.cpp */; settings = {ASSET_TAGS = (); }; };
		B21E69351BF819EA00532135 /* EgSslServer.hpp in Headers */ = {isa = PBXBuildFile; fileRef = B21E69331BF819EA00532135 /* EgSslServer.hpp */; settings = {ASSET_TAGS = (); }; };
		B21F0B3B1B68875E00D1FE09 /* TcpServer.cpp in Sources */ = {isa = PBXBuildFile; fileRef = B21F0B391B68875E00D1FE09 /* TcpServer.cpp */; };
		B21F0B3C1B68875E00D1FE09 /* TcpServer.h in Headers */ = {isa = PBXBuildFile; fileRef = B21F0B3A1B68875E00D1FE09 /* TcpServer.h */; };
		B21F0B401B68914700D1FE09 /* TcpPeerConnection.h in Headers */ = {isa = PBXBuildFile; fileRef = B21F0B3E1B68914700D1FE09 /* TcpPeerConnection.h */; };
		B2208D1F1BFB11D7005003E2 /* libboost_thread.dylib in Frameworks */ = {isa = PBXBuildFile; fileRef = B2AA92F11B64AB5600855ACA /* libboost_thread.dylib */; };
		B2208D201BFB1203005003E2 /* libIoServices.dylib in Frameworks */ = {isa = PBXBuildFile; fileRef = B2AADA981B64460400688FC5 /* libIoServices.dylib */; };
		B226FB7F1BA7B5DF00CFF893 /* DgramListener.cpp in Sources */ = {isa = PBXBuildFile; fileRef = B226FB7B1BA7B5DF00CFF893 /* DgramListener.cpp */; };
		B226FB801BA7B5DF00CFF893 /* DgramListener.h in Headers */ = {isa = PBXBuildFile; fileRef = B226FB7C1BA7B5DF00CFF893 /* DgramListener.h */; };
		B226FB811BA7B5DF00CFF893 /* UdpListener.cpp in Sources */ = {isa = PBXBuildFile; fileRef = B226FB7D1BA7B5DF00CFF893 /* UdpListener.cpp */; };
		B226FB821BA7B5DF00CFF893 /* UdpListener.h in Headers */ = {isa = PBXBuildFile; fileRef = B226FB7E1BA7B5DF00CFF893 /* UdpListener.h */; };
		B22AA07B1BA3B158006E58F5 /* IoServices.cpp in Sources */ = {isa = PBXBuildFile; fileRef = B22AA07A1BA3B158006E58F5 /* IoServices.cpp */; };
		B22AA07E1BA3B19D006E58F5 /* stdafx.h in Headers */ = {isa = PBXBuildFile; fileRef = B22AA07C1BA3B19D006E58F5 /* stdafx.h */; };
		B22AA07F1BA3B19D006E58F5 /* targetver.h in Headers */ = {isa = PBXBuildFile; fileRef = B22AA07D1BA3B19D006E58F5 /* targetver.h */; };
		B23325551BF6FE5700D63355 /* TcpSslConnection.cpp in Sources */ = {isa = PBXBuildFile; fileRef = B23325531BF6FE5700D63355 /* TcpSslConnection.cpp */; settings = {ASSET_TAGS = (); }; };
		B23325561BF6FE5700D63355 /* TcpSslConnection.hpp in Headers */ = {isa = PBXBuildFile; fileRef = B23325541BF6FE5700D63355 /* TcpSslConnection.hpp */; settings = {ASSET_TAGS = (); }; };
		B23325581BF7053E00D63355 /* libssl.tbd in Frameworks */ = {isa = PBXBuildFile; fileRef = B23325571BF7053E00D63355 /* libssl.tbd */; };
		B233255A1BF7057A00D63355 /* libcrypto.tbd in Frameworks */ = {isa = PBXBuildFile; fileRef = B23325591BF7057A00D63355 /* libcrypto.tbd */; };
		B248B60D1B6488A700ABD4A5 /* libboost_system.dylib in Resources */ = {isa = PBXBuildFile; fileRef = B26B48121B64583E009262A4 /* libboost_system.dylib */; };
		B248B6101B648BB300ABD4A5 /* libboost_system.dylib in Resources */ = {isa = PBXBuildFile; fileRef = B26B48121B64583E009262A4 /* libboost_system.dylib */; };
		B248C74C1B69E63F00B1A1DF /* TcpPeerConnection.cpp in Sources */ = {isa = PBXBuildFile; fileRef = B21F0B3D1B68914700D1FE09 /* TcpPeerConnection.cpp */; };
		B26B48131B64583E009262A4 /* libboost_system.dylib in Frameworks */ = {isa = PBXBuildFile; fileRef = B26B48121B64583E009262A4 /* libboost_system.dylib */; };
		B270188F1BF8868B00BDEDCE /* main.cpp in Sources */ = {isa = PBXBuildFile; fileRef = B270188E1BF8868B00BDEDCE /* main.cpp */; };
		B275D6881BFDB9F60061D372 /* libIoServices.dylib in Frameworks */ = {isa = PBXBuildFile; fileRef = B2AADA981B64460400688FC5 /* libIoServices.dylib */; };
		B275D6891BFDBA1D0061D372 /* libboost_system.dylib in Frameworks */ = {isa = PBXBuildFile; fileRef = B26B48121B64583E009262A4 /* libboost_system.dylib */; };
		B275D68A1BFDBA3B0061D372 /* libboost_thread.dylib in Frameworks */ = {isa = PBXBuildFile; fileRef = B2AA92F11B64AB5600855ACA /* libboost_thread.dylib */; };
		B275D68B1BFDBA5C0061D372 /* libcrypto.1.0.0.dylib in Frameworks */ = {isa = PBXBuildFile; fileRef = B21153BC1BF9C0EE006C0723 /* libcrypto.1.0.0.dylib */; };
		B275D68E1BFDBAC50061D372 /* libssl.1.0.0.dylib in Frameworks */ = {isa = PBXBuildFile; fileRef = B21153BE1BF9C109006C0723 /* libssl.1.0.0.dylib */; };
		B2A9E43D1B917DA0003B6FB3 /* StreamConnection.cpp in Sources */ = {isa = PBXBuildFile; fileRef = B2A9E43B1B917DA0003B6FB3 /* StreamConnection.cpp */; };
		B2A9E43E1B917DA0003B6FB3 /* StreamConnection.h in Headers */ = {isa = PBXBuildFile; fileRef = B2A9E43C1B917DA0003B6FB3 /* StreamConnection.h */; };
		B2AA92F21B64AB5600855ACA /* libboost_thread.dylib in Frameworks */ = {isa = PBXBuildFile; fileRef = B2AA92F11B64AB5600855ACA /* libboost_thread.dylib */; };
		B2AADA8E1B64455C00688FC5 /* main.cpp in Sources */ = {isa = PBXBuildFile; fileRef = B2AADA8D1B64455C00688FC5 /* main.cpp */; };
		B2AADA9B1B64460400688FC5 /* IoServices.h in Headers */ = {isa = PBXBuildFile; fileRef = B2AADA9A1B64460400688FC5 /* IoServices.h */; };
		B2AADA9D1B64460400688FC5 /* IoServicesPriv.h in Headers */ = {isa = PBXBuildFile; fileRef = B2AADA9C1B64460400688FC5 /* IoServicesPriv.h */; };
		B2AADAA41B64468B00688FC5 /* IoServicesImpl.h in Headers */ = {isa = PBXBuildFile; fileRef = B2AADAA31B64468B00688FC5 /* IoServicesImpl.h */; };
		B2AADAA61B6448B100688FC5 /* IoServicesImpl.cpp in Sources */ = {isa = PBXBuildFile; fileRef = B2AADAA51B6448B100688FC5 /* IoServicesImpl.cpp */; };
		B2AADAA71B644A8E00688FC5 /* libIoServices.dylib in Frameworks */ = {isa = PBXBuildFile; fileRef = B2AADA981B64460400688FC5 /* libIoServices.dylib */; };
		B2BB3E3E1B88662A00712206 /* libIoServices.dylib in Frameworks */ = {isa = PBXBuildFile; fileRef = B2AADA981B64460400688FC5 /* libIoServices.dylib */; };
		B2DFE9AB1B6B3B3600CED951 /* main.cpp in Sources */ = {isa = PBXBuildFile; fileRef = B2DFE9AA1B6B3B3600CED951 /* main.cpp */; };
		B2DFE9AF1B6B3B4C00CED951 /* libIoServices.dylib in Frameworks */ = {isa = PBXBuildFile; fileRef = B2AADA981B64460400688FC5 /* libIoServices.dylib */; };
		B2F65EA11B677B5200035D30 /* Timer.h in Headers */ = {isa = PBXBuildFile; fileRef = B2036AFC1B6759880037C5B2 /* Timer.h */; };
		B2F65EA21B677B5F00035D30 /* PeriodicTimer.h in Headers */ = {isa = PBXBuildFile; fileRef = B2036AFD1B67599E0037C5B2 /* PeriodicTimer.h */; };
		B2F813C31B6AF66A00018DE7 /* IoBufferWrapper.cpp in Sources */ = {isa = PBXBuildFile; fileRef = B2F813C11B6AF66A00018DE7 /* IoBufferWrapper.cpp */; };
		B2F813C41B6AF66A00018DE7 /* IoBufferWrapper.h in Headers */ = {isa = PBXBuildFile; fileRef = B2F813C21B6AF66A00018DE7 /* IoBufferWrapper.h */; };
		B2F9DED71B6D858C00FC02B2 /* IoCircularBuffer.cpp in Sources */ = {isa = PBXBuildFile; fileRef = B2F9DED51B6D858C00FC02B2 /* IoCircularBuffer.cpp */; };
		B2F9DED81B6D858C00FC02B2 /* IoCircularBuffer.h in Headers */ = {isa = PBXBuildFile; fileRef = B2F9DED61B6D858C00FC02B2 /* IoCircularBuffer.h */; };
/* End PBXBuildFile section */

/* Begin PBXContainerItemProxy section */
		B2AADAA81B644AB600688FC5 /* PBXContainerItemProxy */ = {
			isa = PBXContainerItemProxy;
			containerPortal = B2AADA821B64455C00688FC5 /* Project object */;
			proxyType = 1;
			remoteGlobalIDString = B2AADA971B64460400688FC5;
			remoteInfo = IoServices;
		};
		B2D62C111BF9D65A000137E5 /* PBXContainerItemProxy */ = {
			isa = PBXContainerItemProxy;
			containerPortal = B2AADA821B64455C00688FC5 /* Project object */;
			proxyType = 1;
			remoteGlobalIDString = B2AADA971B64460400688FC5;
			remoteInfo = IoServices;
		};
/* End PBXContainerItemProxy section */

/* Begin PBXCopyFilesBuildPhase section */
		B216B19E1B87E57100CE0DE9 /* CopyFiles */ = {
			isa = PBXCopyFilesBuildPhase;
			buildActionMask = 2147483647;
			dstPath = /usr/share/man/man1/;
			dstSubfolderSpec = 0;
			files = (
			);
			runOnlyForDeploymentPostprocessing = 1;
		};
		B270188A1BF8868B00BDEDCE /* CopyFiles */ = {
			isa = PBXCopyFilesBuildPhase;
			buildActionMask = 2147483647;
			dstPath = /usr/share/man/man1/;
			dstSubfolderSpec = 0;
			files = (
			);
			runOnlyForDeploymentPostprocessing = 1;
		};
		B275D67F1BFDB6730061D372 /* CopyFiles */ = {
			isa = PBXCopyFilesBuildPhase;
			buildActionMask = 2147483647;
			dstPath = /usr/share/man/man1/;
			dstSubfolderSpec = 0;
			files = (
			);
			runOnlyForDeploymentPostprocessing = 1;
		};
		B2AADA881B64455C00688FC5 /* CopyFiles */ = {
			isa = PBXCopyFilesBuildPhase;
			buildActionMask = 8;
			dstPath = /usr/share/man/man1/;
			dstSubfolderSpec = 0;
			files = (
			);
			runOnlyForDeploymentPostprocessing = 1;
		};
		B2DFE9A61B6B3B3600CED951 /* CopyFiles */ = {
			isa = PBXCopyFilesBuildPhase;
			buildActionMask = 2147483647;
			dstPath = /usr/share/man/man1/;
			dstSubfolderSpec = 0;
			files = (
			);
			runOnlyForDeploymentPostprocessing = 1;
		};
/* End PBXCopyFilesBuildPhase section */

/* Begin PBXFileReference section */
		B2036AFC1B6759880037C5B2 /* Timer.h */ = {isa = PBXFileReference; lastKnownFileType = sourcecode.c.h; path = Timer.h; sourceTree = "<group>"; };
		B2036AFD1B67599E0037C5B2 /* PeriodicTimer.h */ = {isa = PBXFileReference; lastKnownFileType = sourcecode.c.h; path = PeriodicTimer.h; sourceTree = "<group>"; };
		B21153BC1BF9C0EE006C0723 /* libcrypto.1.0.0.dylib */ = {isa = PBXFileReference; lastKnownFileType = "compiled.mach-o.dylib"; name = libcrypto.1.0.0.dylib; path = ../../../../../../opt/local/lib/libcrypto.1.0.0.dylib; sourceTree = "<group>"; };
		B21153BE1BF9C109006C0723 /* libssl.1.0.0.dylib */ = {isa = PBXFileReference; lastKnownFileType = "compiled.mach-o.dylib"; name = libssl.1.0.0.dylib; path = ../../../../../../opt/local/lib/libssl.1.0.0.dylib; sourceTree = "<group>"; };
		B216B1A01B87E57100CE0DE9 /* TestCircularAsio */ = {isa = PBXFileReference; explicitFileType = "compiled.mach-o.executable"; includeInIndex = 0; path = TestCircularAsio; sourceTree = BUILT_PRODUCTS_DIR; };
		B216B1A21B87E57100CE0DE9 /* main.cpp */ = {isa = PBXFileReference; lastKnownFileType = sourcecode.cpp.cpp; path = main.cpp; sourceTree = "<group>"; };
		B21E69321BF819EA00532135 /* EgSslServer.cpp */ = {isa = PBXFileReference; fileEncoding = 4; lastKnownFileType = sourcecode.cpp.cpp; path = EgSslServer.cpp; sourceTree = "<group>"; };
		B21E69331BF819EA00532135 /* EgSslServer.hpp */ = {isa = PBXFileReference; fileEncoding = 4; lastKnownFileType = sourcecode.cpp.h; path = EgSslServer.hpp; sourceTree = "<group>"; };
		B21F0B391B68875E00D1FE09 /* TcpServer.cpp */ = {isa = PBXFileReference; fileEncoding = 4; lastKnownFileType = sourcecode.cpp.cpp; path = TcpServer.cpp; sourceTree = "<group>"; };
		B21F0B3A1B68875E00D1FE09 /* TcpServer.h */ = {isa = PBXFileReference; fileEncoding = 4; lastKnownFileType = sourcecode.c.h; path = TcpServer.h; sourceTree = "<group>"; };
		B21F0B3D1B68914700D1FE09 /* TcpPeerConnection.cpp */ = {isa = PBXFileReference; fileEncoding = 4; lastKnownFileType = sourcecode.cpp.cpp; path = TcpPeerConnection.cpp; sourceTree = "<group>"; };
		B21F0B3E1B68914700D1FE09 /* TcpPeerConnection.h */ = {isa = PBXFileReference; fileEncoding = 4; lastKnownFileType = sourcecode.c.h; path = TcpPeerConnection.h; sourceTree = "<group>"; };
		B226FB7B1BA7B5DF00CFF893 /* DgramListener.cpp */ = {isa = PBXFileReference; fileEncoding = 4; lastKnownFileType = sourcecode.cpp.cpp; path = DgramListener.cpp; sourceTree = "<group>"; };
		B226FB7C1BA7B5DF00CFF893 /* DgramListener.h */ = {isa = PBXFileReference; fileEncoding = 4; lastKnownFileType = sourcecode.c.h; path = DgramListener.h; sourceTree = "<group>"; };
		B226FB7D1BA7B5DF00CFF893 /* UdpListener.cpp */ = {isa = PBXFileReference; fileEncoding = 4; lastKnownFileType = sourcecode.cpp.cpp; path = UdpListener.cpp; sourceTree = "<group>"; };
		B226FB7E1BA7B5DF00CFF893 /* UdpListener.h */ = {isa = PBXFileReference; fileEncoding = 4; lastKnownFileType = sourcecode.c.h; path = UdpListener.h; sourceTree = "<group>"; };
		B22AA07A1BA3B158006E58F5 /* IoServices.cpp */ = {isa = PBXFileReference; fileEncoding = 4; lastKnownFileType = sourcecode.cpp.cpp; path = IoServices.cpp; sourceTree = "<group>"; };
		B22AA07C1BA3B19D006E58F5 /* stdafx.h */ = {isa = PBXFileReference; fileEncoding = 4; lastKnownFileType = sourcecode.c.h; path = stdafx.h; sourceTree = "<group>"; };
		B22AA07D1BA3B19D006E58F5 /* targetver.h */ = {isa = PBXFileReference; fileEncoding = 4; lastKnownFileType = sourcecode.c.h; path = targetver.h; sourceTree = "<group>"; };
		B23325531BF6FE5700D63355 /* TcpSslConnection.cpp */ = {isa = PBXFileReference; fileEncoding = 4; lastKnownFileType = sourcecode.cpp.cpp; path = TcpSslConnection.cpp; sourceTree = "<group>"; };
		B23325541BF6FE5700D63355 /* TcpSslConnection.hpp */ = {isa = PBXFileReference; fileEncoding = 4; lastKnownFileType = sourcecode.cpp.h; path = TcpSslConnection.hpp; sourceTree = "<group>"; };
		B23325571BF7053E00D63355 /* libssl.tbd */ = {isa = PBXFileReference; lastKnownFileType = "sourcecode.text-based-dylib-definition"; name = libssl.tbd; path = usr/lib/libssl.tbd; sourceTree = SDKROOT; };
		B23325591BF7057A00D63355 /* libcrypto.tbd */ = {isa = PBXFileReference; lastKnownFileType = "sourcecode.text-based-dylib-definition"; name = libcrypto.tbd; path = usr/lib/libcrypto.tbd; sourceTree = SDKROOT; };
		B238F8311BEB53E60091DEBE /* TestPeriodicTimer.h */ = {isa = PBXFileReference; fileEncoding = 4; lastKnownFileType = sourcecode.c.h; path = TestPeriodicTimer.h; sourceTree = "<group>"; };
		B238F8321BEB53E60091DEBE /* TestTimer.h */ = {isa = PBXFileReference; fileEncoding = 4; lastKnownFileType = sourcecode.c.h; path = TestTimer.h; sourceTree = "<group>"; };
		B26B48121B64583E009262A4 /* libboost_system.dylib */ = {isa = PBXFileReference; lastKnownFileType = "compiled.mach-o.dylib"; name = libboost_system.dylib; path = ../../../../../../opt/local/lib/libboost_system.dylib; sourceTree = "<group>"; };
		B270188C1BF8868B00BDEDCE /* RunSslServer */ = {isa = PBXFileReference; explicitFileType = "compiled.mach-o.executable"; includeInIndex = 0; path = RunSslServer; sourceTree = BUILT_PRODUCTS_DIR; };
		B270188E1BF8868B00BDEDCE /* main.cpp */ = {isa = PBXFileReference; lastKnownFileType = sourcecode.cpp.cpp; path = main.cpp; sourceTree = "<group>"; };
		B275D6811BFDB6730061D372 /* RunSslClient */ = {isa = PBXFileReference; explicitFileType = "compiled.mach-o.executable"; includeInIndex = 0; path = RunSslClient; sourceTree = BUILT_PRODUCTS_DIR; };
		B275D6831BFDB6730061D372 /* main.cpp */ = {isa = PBXFileReference; lastKnownFileType = sourcecode.cpp.cpp; path = main.cpp; sourceTree = "<group>"; };
		B275D68C1BFDBA8B0061D372 /* libsasl2.2.0.25.dylib */ = {isa = PBXFileReference; lastKnownFileType = "compiled.mach-o.dylib"; name = libsasl2.2.0.25.dylib; path = ../../../../../../opt/local/lib/libsasl2.2.0.25.dylib; sourceTree = "<group>"; };
		B2A9E43B1B917DA0003B6FB3 /* StreamConnection.cpp */ = {isa = PBXFileReference; fileEncoding = 4; lastKnownFileType = sourcecode.cpp.cpp; path = StreamConnection.cpp; sourceTree = "<group>"; };
		B2A9E43C1B917DA0003B6FB3 /* StreamConnection.h */ = {isa = PBXFileReference; fileEncoding = 4; lastKnownFileType = sourcecode.c.h; path = StreamConnection.h; sourceTree = "<group>"; };
		B2AA92F11B64AB5600855ACA /* libboost_thread.dylib */ = {isa = PBXFileReference; lastKnownFileType = "compiled.mach-o.dylib"; name = libboost_thread.dylib; path = ../../../../../../opt/local/lib/libboost_thread.dylib; sourceTree = "<group>"; };
		B2AADA8A1B64455C00688FC5 /* HelloAsio */ = {isa = PBXFileReference; explicitFileType = "compiled.mach-o.executable"; includeInIndex = 0; path = HelloAsio; sourceTree = BUILT_PRODUCTS_DIR; };
		B2AADA8D1B64455C00688FC5 /* main.cpp */ = {isa = PBXFileReference; lastKnownFileType = sourcecode.cpp.cpp; path = main.cpp; sourceTree = "<group>"; };
		B2AADA981B64460400688FC5 /* libIoServices.dylib */ = {isa = PBXFileReference; explicitFileType = "compiled.mach-o.dylib"; includeInIndex = 0; path = libIoServices.dylib; sourceTree = BUILT_PRODUCTS_DIR; };
		B2AADA9A1B64460400688FC5 /* IoServices.h */ = {isa = PBXFileReference; lastKnownFileType = sourcecode.c.h; path = IoServices.h; sourceTree = "<group>"; };
		B2AADA9C1B64460400688FC5 /* IoServicesPriv.h */ = {isa = PBXFileReference; lastKnownFileType = sourcecode.c.h; path = IoServicesPriv.h; sourceTree = "<group>"; };
		B2AADAA31B64468B00688FC5 /* IoServicesImpl.h */ = {isa = PBXFileReference; fileEncoding = 4; lastKnownFileType = sourcecode.c.h; path = IoServicesImpl.h; sourceTree = "<group>"; };
		B2AADAA51B6448B100688FC5 /* IoServicesImpl.cpp */ = {isa = PBXFileReference; fileEncoding = 4; lastKnownFileType = sourcecode.cpp.cpp; path = IoServicesImpl.cpp; sourceTree = "<group>"; };
		B2DFE9A81B6B3B3600CED951 /* TestServices */ = {isa = PBXFileReference; explicitFileType = "compiled.mach-o.executable"; includeInIndex = 0; path = TestServices; sourceTree = BUILT_PRODUCTS_DIR; };
		B2DFE9AA1B6B3B3600CED951 /* main.cpp */ = {isa = PBXFileReference; lastKnownFileType = sourcecode.cpp.cpp; path = main.cpp; sourceTree = "<group>"; };
		B2F813C11B6AF66A00018DE7 /* IoBufferWrapper.cpp */ = {isa = PBXFileReference; fileEncoding = 4; lastKnownFileType = sourcecode.cpp.cpp; path = IoBufferWrapper.cpp; sourceTree = "<group>"; };
		B2F813C21B6AF66A00018DE7 /* IoBufferWrapper.h */ = {isa = PBXFileReference; fileEncoding = 4; lastKnownFileType = sourcecode.c.h; path = IoBufferWrapper.h; sourceTree = "<group>"; };
		B2F9DED51B6D858C00FC02B2 /* IoCircularBuffer.cpp */ = {isa = PBXFileReference; fileEncoding = 4; lastKnownFileType = sourcecode.cpp.cpp; path = IoCircularBuffer.cpp; sourceTree = "<group>"; };
		B2F9DED61B6D858C00FC02B2 /* IoCircularBuffer.h */ = {isa = PBXFileReference; fileEncoding = 4; lastKnownFileType = sourcecode.c.h; path = IoCircularBuffer.h; sourceTree = "<group>"; };
/* End PBXFileReference section */

/* Begin PBXFrameworksBuildPhase section */
		B216B19D1B87E57100CE0DE9 /* Frameworks */ = {
			isa = PBXFrameworksBuildPhase;
			buildActionMask = 2147483647;
			files = (
				B2BB3E3E1B88662A00712206 /* libIoServices.dylib in Frameworks */,
			);
			runOnlyForDeploymentPostprocessing = 0;
		};
		B27018891BF8868B00BDEDCE /* Frameworks */ = {
			isa = PBXFrameworksBuildPhase;
			buildActionMask = 2147483647;
			files = (
				B2208D201BFB1203005003E2 /* libIoServices.dylib in Frameworks */,
				B2208D1F1BFB11D7005003E2 /* libboost_thread.dylib in Frameworks */,
				B21153C01BF9C1CA006C0723 /* libboost_system.dylib in Frameworks */,
				B21153BF1BF9C109006C0723 /* libssl.1.0.0.dylib in Frameworks */,
				B21153BD1BF9C0EE006C0723 /* libcrypto.1.0.0.dylib in Frameworks */,
			);
			runOnlyForDeploymentPostprocessing = 0;
		};
		B275D67E1BFDB6730061D372 /* Frameworks */ = {
			isa = PBXFrameworksBuildPhase;
			buildActionMask = 2147483647;
			files = (
				B275D68B1BFDBA5C0061D372 /* libcrypto.1.0.0.dylib in Frameworks */,
				B275D68E1BFDBAC50061D372 /* libssl.1.0.0.dylib in Frameworks */,
				B275D6891BFDBA1D0061D372 /* libboost_system.dylib in Frameworks */,
				B275D68A1BFDBA3B0061D372 /* libboost_thread.dylib in Frameworks */,
				B275D6881BFDB9F60061D372 /* libIoServices.dylib in Frameworks */,
			);
			runOnlyForDeploymentPostprocessing = 0;
		};
		B2AADA871B64455C00688FC5 /* Frameworks */ = {
			isa = PBXFrameworksBuildPhase;
			buildActionMask = 2147483647;
			files = (
				B2AADAA71B644A8E00688FC5 /* libIoServices.dylib in Frameworks */,
			);
			runOnlyForDeploymentPostprocessing = 0;
		};
		B2AADA951B64460400688FC5 /* Frameworks */ = {
			isa = PBXFrameworksBuildPhase;
			buildActionMask = 2147483647;
			files = (
				B233255A1BF7057A00D63355 /* libcrypto.tbd in Frameworks */,
				B23325581BF7053E00D63355 /* libssl.tbd in Frameworks */,
				B26B48131B64583E009262A4 /* libboost_system.dylib in Frameworks */,
				B2AA92F21B64AB5600855ACA /* libboost_thread.dylib in Frameworks */,
			);
			runOnlyForDeploymentPostprocessing = 0;
		};
		B2DFE9A51B6B3B3600CED951 /* Frameworks */ = {
			isa = PBXFrameworksBuildPhase;
			buildActionMask = 2147483647;
			files = (
				B2DFE9AF1B6B3B4C00CED951 /* libIoServices.dylib in Frameworks */,
			);
			runOnlyForDeploymentPostprocessing = 0;
		};
/* End PBXFrameworksBuildPhase section */

/* Begin PBXGroup section */
		B216B1A11B87E57100CE0DE9 /* TestCircularAsio */ = {
			isa = PBXGroup;
			children = (
				B216B1A21B87E57100CE0DE9 /* main.cpp */,
			);
			path = TestCircularAsio;
			sourceTree = "<group>";
		};
		B270188D1BF8868B00BDEDCE /* RunSslServer */ = {
			isa = PBXGroup;
			children = (
				B270188E1BF8868B00BDEDCE /* main.cpp */,
			);
			path = RunSslServer;
			sourceTree = "<group>";
		};
		B275D6821BFDB6730061D372 /* RunSslClient */ = {
			isa = PBXGroup;
			children = (
				B275D6831BFDB6730061D372 /* main.cpp */,
			);
			path = RunSslClient;
			sourceTree = "<group>";
		};
		B2AADA811B64455C00688FC5 = {
			isa = PBXGroup;
			children = (
				B275D68C1BFDBA8B0061D372 /* libsasl2.2.0.25.dylib */,
				B21153BE1BF9C109006C0723 /* libssl.1.0.0.dylib */,
				B21153BC1BF9C0EE006C0723 /* libcrypto.1.0.0.dylib */,
				B23325591BF7057A00D63355 /* libcrypto.tbd */,
				B23325571BF7053E00D63355 /* libssl.tbd */,
				B2AA92F11B64AB5600855ACA /* libboost_thread.dylib */,
				B26B48121B64583E009262A4 /* libboost_system.dylib */,
				B2AADA8C1B64455C00688FC5 /* HelloAsio */,
				B2AADA991B64460400688FC5 /* IoServices */,
				B2DFE9A91B6B3B3600CED951 /* TestServices */,
				B216B1A11B87E57100CE0DE9 /* TestCircularAsio */,
				B270188D1BF8868B00BDEDCE /* RunSslServer */,
				B275D6821BFDB6730061D372 /* RunSslClient */,
				B2AADA8B1B64455C00688FC5 /* Products */,
			);
			sourceTree = "<group>";
		};
		B2AADA8B1B64455C00688FC5 /* Products */ = {
			isa = PBXGroup;
			children = (
				B2AADA8A1B64455C00688FC5 /* HelloAsio */,
				B2AADA981B64460400688FC5 /* libIoServices.dylib */,
				B2DFE9A81B6B3B3600CED951 /* TestServices */,
				B216B1A01B87E57100CE0DE9 /* TestCircularAsio */,
				B270188C1BF8868B00BDEDCE /* RunSslServer */,
				B275D6811BFDB6730061D372 /* RunSslClient */,
			);
			name = Products;
			sourceTree = "<group>";
		};
		B2AADA8C1B64455C00688FC5 /* HelloAsio */ = {
			isa = PBXGroup;
			children = (
				B238F8311BEB53E60091DEBE /* TestPeriodicTimer.h */,
				B238F8321BEB53E60091DEBE /* TestTimer.h */,
				B2AADA8D1B64455C00688FC5 /* main.cpp */,
			);
			path = HelloAsio;
			sourceTree = "<group>";
		};
		B2AADA991B64460400688FC5 /* IoServices */ = {
			isa = PBXGroup;
			children = (
				B22AA07A1BA3B158006E58F5 /* IoServices.cpp */,
				B226FB7B1BA7B5DF00CFF893 /* DgramListener.cpp */,
				B226FB7C1BA7B5DF00CFF893 /* DgramListener.h */,
				B226FB7D1BA7B5DF00CFF893 /* UdpListener.cpp */,
				B226FB7E1BA7B5DF00CFF893 /* UdpListener.h */,
				B22AA07C1BA3B19D006E58F5 /* stdafx.h */,
				B22AA07D1BA3B19D006E58F5 /* targetver.h */,
				B2AADA9A1B64460400688FC5 /* IoServices.h */,
				B2A9E43B1B917DA0003B6FB3 /* StreamConnection.cpp */,
				B2A9E43C1B917DA0003B6FB3 /* StreamConnection.h */,
				B2F9DED51B6D858C00FC02B2 /* IoCircularBuffer.cpp */,
				B2F9DED61B6D858C00FC02B2 /* IoCircularBuffer.h */,
				B2036AFC1B6759880037C5B2 /* Timer.h */,
				B2036AFD1B67599E0037C5B2 /* PeriodicTimer.h */,
				B2AADAA31B64468B00688FC5 /* IoServicesImpl.h */,
				B2AADAA51B6448B100688FC5 /* IoServicesImpl.cpp */,
				B2AADA9C1B64460400688FC5 /* IoServicesPriv.h */,
				B21F0B391B68875E00D1FE09 /* TcpServer.cpp */,
				B21F0B3A1B68875E00D1FE09 /* TcpServer.h */,
				B21F0B3D1B68914700D1FE09 /* TcpPeerConnection.cpp */,
				B2F813C11B6AF66A00018DE7 /* IoBufferWrapper.cpp */,
				B2F813C21B6AF66A00018DE7 /* IoBufferWrapper.h */,
				B21F0B3E1B68914700D1FE09 /* TcpPeerConnection.h */,
				B23325531BF6FE5700D63355 /* TcpSslConnection.cpp */,
				B23325541BF6FE5700D63355 /* TcpSslConnection.hpp */,
				B21E69321BF819EA00532135 /* EgSslServer.cpp */,
				B21E69331BF819EA00532135 /* EgSslServer.hpp */,
			);
			path = IoServices;
			sourceTree = "<group>";
		};
		B2DFE9A91B6B3B3600CED951 /* TestServices */ = {
			isa = PBXGroup;
			children = (
				B2DFE9AA1B6B3B3600CED951 /* main.cpp */,
			);
			path = TestServices;
			sourceTree = "<group>";
		};
/* End PBXGroup section */

/* Begin PBXHeadersBuildPhase section */
		B2AADA961B64460400688FC5 /* Headers */ = {
			isa = PBXHeadersBuildPhase;
			buildActionMask = 2147483647;
			files = (
				B2A9E43E1B917DA0003B6FB3 /* StreamConnection.h in Headers */,
				B21F0B401B68914700D1FE09 /* TcpPeerConnection.h in Headers */,
				B2AADA9B1B64460400688FC5 /* IoServices.h in Headers */,
				B2F813C41B6AF66A00018DE7 /* IoBufferWrapper.h in Headers */,
				B2AADA9D1B64460400688FC5 /* IoServicesPriv.h in Headers */,
				B22AA07F1BA3B19D006E58F5 /* targetver.h in Headers */,
				B2F65EA21B677B5F00035D30 /* PeriodicTimer.h in Headers */,
				B21F0B3C1B68875E00D1FE09 /* TcpServer.h in Headers */,
				B23325561BF6FE5700D63355 /* TcpSslConnection.hpp in Headers */,
				B226FB821BA7B5DF00CFF893 /* UdpListener.h in Headers */,
				B21E69351BF819EA00532135 /* EgSslServer.hpp in Headers */,
				B226FB801BA7B5DF00CFF893 /* DgramListener.h in Headers */,
				B2F9DED81B6D858C00FC02B2 /* IoCircularBuffer.h in Headers */,
				B22AA07E1BA3B19D006E58F5 /* stdafx.h in Headers */,
				B2F65EA11B677B5200035D30 /* Timer.h in Headers */,
				B2AADAA41B64468B00688FC5 /* IoServicesImpl.h in Headers */,
			);
			runOnlyForDeploymentPostprocessing = 0;
		};
/* End PBXHeadersBuildPhase section */

/* Begin PBXNativeTarget section */
		B216B19F1B87E57100CE0DE9 /* TestCircularAsio */ = {
			isa = PBXNativeTarget;
			buildConfigurationList = B216B1A61B87E57100CE0DE9 /* Build configuration list for PBXNativeTarget "TestCircularAsio" */;
			buildPhases = (
				B216B19C1B87E57100CE0DE9 /* Sources */,
				B216B19D1B87E57100CE0DE9 /* Frameworks */,
				B216B19E1B87E57100CE0DE9 /* CopyFiles */,
			);
			buildRules = (
			);
			dependencies = (
			);
			name = TestCircularAsio;
			productName = TestCircularAsio;
			productReference = B216B1A01B87E57100CE0DE9 /* TestCircularAsio */;
			productType = "com.apple.product-type.tool";
		};
		B270188B1BF8868B00BDEDCE /* RunSslServer */ = {
			isa = PBXNativeTarget;
			buildConfigurationList = B27018921BF8868B00BDEDCE /* Build configuration list for PBXNativeTarget "RunSslServer" */;
			buildPhases = (
				B27018881BF8868B00BDEDCE /* Sources */,
				B27018891BF8868B00BDEDCE /* Frameworks */,
				B270188A1BF8868B00BDEDCE /* CopyFiles */,
			);
			buildRules = (
			);
			dependencies = (
				B2D62C121BF9D65A000137E5 /* PBXTargetDependency */,
			);
			name = RunSslServer;
			productName = RunSslServer;
			productReference = B270188C1BF8868B00BDEDCE /* RunSslServer */;
			productType = "com.apple.product-type.tool";
		};
		B275D6801BFDB6730061D372 /* RunSslClient */ = {
			isa = PBXNativeTarget;
			buildConfigurationList = B275D6871BFDB6730061D372 /* Build configuration list for PBXNativeTarget "RunSslClient" */;
			buildPhases = (
				B275D67D1BFDB6730061D372 /* Sources */,
				B275D67E1BFDB6730061D372 /* Frameworks */,
				B275D67F1BFDB6730061D372 /* CopyFiles */,
			);
			buildRules = (
			);
			dependencies = (
			);
			name = RunSslClient;
			productName = RunSslClient;
			productReference = B275D6811BFDB6730061D372 /* RunSslClient */;
			productType = "com.apple.product-type.tool";
		};
		B2AADA891B64455C00688FC5 /* HelloAsio */ = {
			isa = PBXNativeTarget;
			buildConfigurationList = B2AADA911B64455C00688FC5 /* Build configuration list for PBXNativeTarget "HelloAsio" */;
			buildPhases = (
				B2AADA861B64455C00688FC5 /* Sources */,
				B2AADA871B64455C00688FC5 /* Frameworks */,
				B2AADA881B64455C00688FC5 /* CopyFiles */,
				B248B60F1B648BA600ABD4A5 /* Resources */,
			);
			buildRules = (
			);
			dependencies = (
				B2AADAA91B644AB600688FC5 /* PBXTargetDependency */,
			);
			name = HelloAsio;
			productName = HelloAsio;
			productReference = B2AADA8A1B64455C00688FC5 /* HelloAsio */;
			productType = "com.apple.product-type.tool";
		};
		B2AADA971B64460400688FC5 /* IoServices */ = {
			isa = PBXNativeTarget;
			buildConfigurationList = B2AADAA01B64460400688FC5 /* Build configuration list for PBXNativeTarget "IoServices" */;
			buildPhases = (
				B2AADA941B64460400688FC5 /* Sources */,
				B2AADA951B64460400688FC5 /* Frameworks */,
				B2AADA961B64460400688FC5 /* Headers */,
				B248B60C1B64889500ABD4A5 /* Resources */,
			);
			buildRules = (
			);
			dependencies = (
			);
			name = IoServices;
			productName = IoServices;
			productReference = B2AADA981B64460400688FC5 /* libIoServices.dylib */;
			productType = "com.apple.product-type.library.dynamic";
		};
		B2DFE9A71B6B3B3600CED951 /* TestServices */ = {
			isa = PBXNativeTarget;
			buildConfigurationList = B2DFE9AE1B6B3B3600CED951 /* Build configuration list for PBXNativeTarget "TestServices" */;
			buildPhases = (
				B2DFE9A41B6B3B3600CED951 /* Sources */,
				B2DFE9A51B6B3B3600CED951 /* Frameworks */,
				B2DFE9A61B6B3B3600CED951 /* CopyFiles */,
			);
			buildRules = (
			);
			dependencies = (
			);
			name = TestServices;
			productName = TestServices;
			productReference = B2DFE9A81B6B3B3600CED951 /* TestServices */;
			productType = "com.apple.product-type.tool";
		};
/* End PBXNativeTarget section */

/* Begin PBXProject section */
		B2AADA821B64455C00688FC5 /* Project object */ = {
			isa = PBXProject;
			attributes = {
				LastUpgradeCheck = 0640;
				ORGANIZATIONNAME = "Michael Jones";
				TargetAttributes = {
					B216B19F1B87E57100CE0DE9 = {
						CreatedOnToolsVersion = 6.4;
					};
					B270188B1BF8868B00BDEDCE = {
						CreatedOnToolsVersion = 7.0.1;
					};
					B275D6801BFDB6730061D372 = {
						CreatedOnToolsVersion = 7.0.1;
					};
					B2AADA891B64455C00688FC5 = {
						CreatedOnToolsVersion = 6.4;
					};
					B2AADA971B64460400688FC5 = {
						CreatedOnToolsVersion = 6.4;
					};
					B2DFE9A71B6B3B3600CED951 = {
						CreatedOnToolsVersion = 6.4;
					};
				};
			};
			buildConfigurationList = B2AADA851B64455C00688FC5 /* Build configuration list for PBXProject "HelloAsio" */;
			compatibilityVersion = "Xcode 3.2";
			developmentRegion = English;
			hasScannedForEncodings = 0;
			knownRegions = (
				en,
			);
			mainGroup = B2AADA811B64455C00688FC5;
			productRefGroup = B2AADA8B1B64455C00688FC5 /* Products */;
			projectDirPath = "";
			projectRoot = "";
			targets = (
				B2AADA891B64455C00688FC5 /* HelloAsio */,
				B2AADA971B64460400688FC5 /* IoServices */,
				B2DFE9A71B6B3B3600CED951 /* TestServices */,
				B216B19F1B87E57100CE0DE9 /* TestCircularAsio */,
				B270188B1BF8868B00BDEDCE /* RunSslServer */,
				B275D6801BFDB6730061D372 /* RunSslClient */,
			);
		};
/* End PBXProject section */

/* Begin PBXResourcesBuildPhase section */
		B248B60C1B64889500ABD4A5 /* Resources */ = {
			isa = PBXResourcesBuildPhase;
			buildActionMask = 2147483647;
			files = (
				B248B60D1B6488A700ABD4A5 /* libboost_system.dylib in Resources */,
			);
			runOnlyForDeploymentPostprocessing = 0;
		};
		B248B60F1B648BA600ABD4A5 /* Resources */ = {
			isa = PBXResourcesBuildPhase;
			buildActionMask = 2147483647;
			files = (
				B248B6101B648BB300ABD4A5 /* libboost_system.dylib in Resources */,
			);
			runOnlyForDeploymentPostprocessing = 0;
		};
/* End PBXResourcesBuildPhase section */

/* Begin PBXSourcesBuildPhase section */
		B216B19C1B87E57100CE0DE9 /* Sources */ = {
			isa = PBXSourcesBuildPhase;
			buildActionMask = 2147483647;
			files = (
				B216B1A31B87E57100CE0DE9 /* main.cpp in Sources */,
			);
			runOnlyForDeploymentPostprocessing = 0;
		};
		B27018881BF8868B00BDEDCE /* Sources */ = {
			isa = PBXSourcesBuildPhase;
			buildActionMask = 2147483647;
			files = (
				B270188F1BF8868B00BDEDCE /* main.cpp in Sources */,
			);
			runOnlyForDeploymentPostprocessing = 0;
		};
		B275D67D1BFDB6730061D372 /* Sources */ = {
			isa = PBXSourcesBuildPhase;
			buildActionMask = 2147483647;
			files = (
				B202B4AC1C018B2F006F6F9B /* main.cpp in Sources */,
			);
			runOnlyForDeploymentPostprocessing = 0;
		};
		B2AADA861B64455C00688FC5 /* Sources */ = {
			isa = PBXSourcesBuildPhase;
			buildActionMask = 2147483647;
			files = (
				B2AADA8E1B64455C00688FC5 /* main.cpp in Sources */,
			);
			runOnlyForDeploymentPostprocessing = 0;
		};
		B2AADA941B64460400688FC5 /* Sources */ = {
			isa = PBXSourcesBuildPhase;
			buildActionMask = 2147483647;
			files = (
				B248C74C1B69E63F00B1A1DF /* TcpPeerConnection.cpp in Sources */,
				B2AADAA61B6448B100688FC5 /* IoServicesImpl.cpp in Sources */,
				B21F0B3B1B68875E00D1FE09 /* TcpServer.cpp in Sources */,
				B21E69341BF819EA00532135 /* EgSslServer.cpp in Sources */,
				B226FB7F1BA7B5DF00CFF893 /* DgramListener.cpp in Sources */,
				B226FB811BA7B5DF00CFF893 /* UdpListener.cpp in Sources */,
				B2F9DED71B6D858C00FC02B2 /* IoCircularBuffer.cpp in Sources */,
				B22AA07B1BA3B158006E58F5 /* IoServices.cpp in Sources */,
				B2F813C31B6AF66A00018DE7 /* IoBufferWrapper.cpp in Sources */,
				B23325551BF6FE5700D63355 /* TcpSslConnection.cpp in Sources */,
				B2A9E43D1B917DA0003B6FB3 /* StreamConnection.cpp in Sources */,
			);
			runOnlyForDeploymentPostprocessing = 0;
		};
		B2DFE9A41B6B3B3600CED951 /* Sources */ = {
			isa = PBXSourcesBuildPhase;
			buildActionMask = 2147483647;
			files = (
				B2DFE9AB1B6B3B3600CED951 /* main.cpp in Sources */,
			);
			runOnlyForDeploymentPostprocessing = 0;
		};
/* End PBXSourcesBuildPhase section */

/* Begin PBXTargetDependency section */
		B2AADAA91B644AB600688FC5 /* PBXTargetDependency */ = {
			isa = PBXTargetDependency;
			target = B2AADA971B64460400688FC5 /* IoServices */;
			targetProxy = B2AADAA81B644AB600688FC5 /* PBXContainerItemProxy */;
		};
		B2D62C121BF9D65A000137E5 /* PBXTargetDependency */ = {
			isa = PBXTargetDependency;
			target = B2AADA971B64460400688FC5 /* IoServices */;
			targetProxy = B2D62C111BF9D65A000137E5 /* PBXContainerItemProxy */;
		};
/* End PBXTargetDependency section */

/* Begin XCBuildConfiguration section */
		B216B1A41B87E57100CE0DE9 /* Debug */ = {
			isa = XCBuildConfiguration;
			buildSettings = {
				CLANG_CXX_LANGUAGE_STANDARD = "gnu++0x";
				GCC_PREPROCESSOR_DEFINITIONS = (
					"DEBUG=1",
					"$(inherited)",
				);
				PRODUCT_NAME = "$(TARGET_NAME)";
			};
			name = Debug;
		};
		B216B1A51B87E57100CE0DE9 /* Release */ = {
			isa = XCBuildConfiguration;
			buildSettings = {
				CLANG_CXX_LANGUAGE_STANDARD = "gnu++0x";
				PRODUCT_NAME = "$(TARGET_NAME)";
			};
			name = Release;
		};
		B27018901BF8868B00BDEDCE /* Debug */ = {
			isa = XCBuildConfiguration;
			buildSettings = {
				ALWAYS_SEARCH_USER_PATHS = YES;
				CLANG_CXX_LANGUAGE_STANDARD = "gnu++0x";
				ENABLE_TESTABILITY = YES;
				LIBRARY_SEARCH_PATHS = (
					"$(inherited)",
					/opt/local/lib,
				);
				MACOSX_DEPLOYMENT_TARGET = 10.11;
				PRODUCT_NAME = "$(TARGET_NAME)";
			};
			name = Debug;
		};
		B27018911BF8868B00BDEDCE /* Release */ = {
			isa = XCBuildConfiguration;
			buildSettings = {
				ALWAYS_SEARCH_USER_PATHS = YES;
				CLANG_CXX_LANGUAGE_STANDARD = "gnu++0x";
				LIBRARY_SEARCH_PATHS = (
					"$(inherited)",
					/opt/local/lib,
				);
				MACOSX_DEPLOYMENT_TARGET = 10.11;
				PRODUCT_NAME = "$(TARGET_NAME)";
			};
			name = Release;
		};
		B275D6851BFDB6730061D372 /* Debug */ = {
			isa = XCBuildConfiguration;
			buildSettings = {
				CLANG_CXX_LANGUAGE_STANDARD = "gnu++0x";
				ENABLE_TESTABILITY = YES;
				LIBRARY_SEARCH_PATHS = (
					"$(inherited)",
					/opt/local/lib,
				);
				MACOSX_DEPLOYMENT_TARGET = 10.11;
				PRODUCT_NAME = "$(TARGET_NAME)";
			};
			name = Debug;
		};
		B275D6861BFDB6730061D372 /* Release */ = {
			isa = XCBuildConfiguration;
			buildSettings = {
				CLANG_CXX_LANGUAGE_STANDARD = "gnu++0x";
				LIBRARY_SEARCH_PATHS = (
					"$(inherited)",
					/opt/local/lib,
				);
				MACOSX_DEPLOYMENT_TARGET = 10.11;
				PRODUCT_NAME = "$(TARGET_NAME)";
			};
			name = Release;
		};
		B2AADA8F1B64455C00688FC5 /* Debug */ = {
			isa = XCBuildConfiguration;
			buildSettings = {
				ALWAYS_SEARCH_USER_PATHS = NO;
				CLANG_CXX_LANGUAGE_STANDARD = "c++14";
				CLANG_CXX_LIBRARY = "libc++";
				CLANG_ENABLE_MODULES = YES;
				CLANG_ENABLE_OBJC_ARC = YES;
				CLANG_WARN_BOOL_CONVERSION = YES;
				CLANG_WARN_CONSTANT_CONVERSION = YES;
				CLANG_WARN_DIRECT_OBJC_ISA_USAGE = YES_ERROR;
				CLANG_WARN_EMPTY_BODY = YES;
				CLANG_WARN_ENUM_CONVERSION = YES;
				CLANG_WARN_INT_CONVERSION = YES;
				CLANG_WARN_OBJC_ROOT_CLASS = YES_ERROR;
				CLANG_WARN_UNREACHABLE_CODE = YES;
				CLANG_WARN__DUPLICATE_METHOD_MATCH = YES;
				COPY_PHASE_STRIP = NO;
				DEBUG_INFORMATION_FORMAT = dwarf;
				ENABLE_STRICT_OBJC_MSGSEND = YES;
				GCC_C_LANGUAGE_STANDARD = gnu99;
				GCC_DYNAMIC_NO_PIC = NO;
				GCC_NO_COMMON_BLOCKS = YES;
				GCC_OPTIMIZATION_LEVEL = 0;
				GCC_PREPROCESSOR_DEFINITIONS = (
					"DEBUG=1",
					"$(inherited)",
				);
				GCC_SYMBOLS_PRIVATE_EXTERN = NO;
				GCC_WARN_64_TO_32_BIT_CONVERSION = YES;
				GCC_WARN_ABOUT_RETURN_TYPE = YES_ERROR;
				GCC_WARN_UNDECLARED_SELECTOR = YES;
				GCC_WARN_UNINITIALIZED_AUTOS = YES_AGGRESSIVE;
				GCC_WARN_UNUSED_FUNCTION = YES;
				GCC_WARN_UNUSED_VARIABLE = YES;
				HEADER_SEARCH_PATHS = (
					"$(inherited)",
					/Applications/Xcode.app/Contents/Developer/Toolchains/XcodeDefault.xctoolchain/usr/include,
					/opt/local/include,
				);
				MACOSX_DEPLOYMENT_TARGET = 10.10;
				MTL_ENABLE_DEBUG_INFO = YES;
				ONLY_ACTIVE_ARCH = YES;
				SDKROOT = macosx;
			};
			name = Debug;
		};
		B2AADA901B64455C00688FC5 /* Release */ = {
			isa = XCBuildConfiguration;
			buildSettings = {
				ALWAYS_SEARCH_USER_PATHS = NO;
				CLANG_CXX_LANGUAGE_STANDARD = "c++14";
				CLANG_CXX_LIBRARY = "libc++";
				CLANG_ENABLE_MODULES = YES;
				CLANG_ENABLE_OBJC_ARC = YES;
				CLANG_WARN_BOOL_CONVERSION = YES;
				CLANG_WARN_CONSTANT_CONVERSION = YES;
				CLANG_WARN_DIRECT_OBJC_ISA_USAGE = YES_ERROR;
				CLANG_WARN_EMPTY_BODY = YES;
				CLANG_WARN_ENUM_CONVERSION = YES;
				CLANG_WARN_INT_CONVERSION = YES;
				CLANG_WARN_OBJC_ROOT_CLASS = YES_ERROR;
				CLANG_WARN_UNREACHABLE_CODE = YES;
				CLANG_WARN__DUPLICATE_METHOD_MATCH = YES;
				COPY_PHASE_STRIP = NO;
				DEBUG_INFORMATION_FORMAT = "dwarf-with-dsym";
				ENABLE_NS_ASSERTIONS = NO;
				ENABLE_STRICT_OBJC_MSGSEND = YES;
				GCC_C_LANGUAGE_STANDARD = gnu99;
				GCC_NO_COMMON_BLOCKS = YES;
				GCC_WARN_64_TO_32_BIT_CONVERSION = YES;
				GCC_WARN_ABOUT_RETURN_TYPE = YES_ERROR;
				GCC_WARN_UNDECLARED_SELECTOR = YES;
				GCC_WARN_UNINITIALIZED_AUTOS = YES_AGGRESSIVE;
				GCC_WARN_UNUSED_FUNCTION = YES;
				GCC_WARN_UNUSED_VARIABLE = YES;
				HEADER_SEARCH_PATHS = (
					"$(inherited)",
					/Applications/Xcode.app/Contents/Developer/Toolchains/XcodeDefault.xctoolchain/usr/include,
					/opt/local/include,
				);
				MACOSX_DEPLOYMENT_TARGET = 10.10;
				MTL_ENABLE_DEBUG_INFO = NO;
				SDKROOT = macosx;
			};
			name = Release;
		};
		B2AADA921B64455C00688FC5 /* Debug */ = {
			isa = XCBuildConfiguration;
			buildSettings = {
				ALWAYS_SEARCH_USER_PATHS = YES;
				LIBRARY_SEARCH_PATHS = /opt/local/lib;
				PRODUCT_NAME = "$(TARGET_NAME)";
			};
			name = Debug;
		};
		B2AADA931B64455C00688FC5 /* Release */ = {
			isa = XCBuildConfiguration;
			buildSettings = {
				ALWAYS_SEARCH_USER_PATHS = YES;
				LIBRARY_SEARCH_PATHS = /opt/local/lib;
				PRODUCT_NAME = "$(TARGET_NAME)";
			};
			name = Release;
		};
		B2AADAA11B64460400688FC5 /* Debug */ = {
			isa = XCBuildConfiguration;
			buildSettings = {
				ALWAYS_SEARCH_USER_PATHS = YES;
				DYLIB_COMPATIBILITY_VERSION = 1;
				DYLIB_CURRENT_VERSION = 1;
				EXECUTABLE_PREFIX = lib;
				GCC_ENABLE_CPP_EXCEPTIONS = YES;
				GCC_ENABLE_CPP_RTTI = YES;
				GCC_PREPROCESSOR_DEFINITIONS = (
					"DEBUG=1",
					"$(inherited)",
				);
				GCC_SYMBOLS_PRIVATE_EXTERN = YES;
				LIBRARY_SEARCH_PATHS = /opt/local/lib;
				PRODUCT_NAME = "$(TARGET_NAME)";
			};
			name = Debug;
		};
		B2AADAA21B64460400688FC5 /* Release */ = {
			isa = XCBuildConfiguration;
			buildSettings = {
				ALWAYS_SEARCH_USER_PATHS = YES;
				DYLIB_COMPATIBILITY_VERSION = 1;
				DYLIB_CURRENT_VERSION = 1;
				EXECUTABLE_PREFIX = lib;
				GCC_ENABLE_CPP_EXCEPTIONS = YES;
				GCC_ENABLE_CPP_RTTI = YES;
				GCC_SYMBOLS_PRIVATE_EXTERN = YES;
				LIBRARY_SEARCH_PATHS = /opt/local/lib;
				PRODUCT_NAME = "$(TARGET_NAME)";
			};
			name = Release;
		};
		B2DFE9AC1B6B3B3600CED951 /* Debug */ = {
			isa = XCBuildConfiguration;
			buildSettings = {
				CLANG_CXX_LANGUAGE_STANDARD = "gnu++0x";
				GCC_PREPROCESSOR_DEFINITIONS = (
					"DEBUG=1",
					"$(inherited)",
				);
				PRODUCT_NAME = "$(TARGET_NAME)";
			};
			name = Debug;
		};
		B2DFE9AD1B6B3B3600CED951 /* Release */ = {
			isa = XCBuildConfiguration;
			buildSettings = {
				CLANG_CXX_LANGUAGE_STANDARD = "gnu++0x";
				PRODUCT_NAME = "$(TARGET_NAME)";
			};
			name = Release;
		};
/* End XCBuildConfiguration section */

/* Begin XCConfigurationList section */
		B216B1A61B87E57100CE0DE9 /* Build configuration list for PBXNativeTarget "TestCircularAsio" */ = {
			isa = XCConfigurationList;
			buildConfigurations = (
				B216B1A41B87E57100CE0DE9 /* Debug */,
				B216B1A51B87E57100CE0DE9 /* Release */,
			);
			defaultConfigurationIsVisible = 0;
			defaultConfigurationName = Release;
		};
		B27018921BF8868B00BDEDCE /* Build configuration list for PBXNativeTarget "RunSslServer" */ = {
			isa = XCConfigurationList;
			buildConfigurations = (
				B27018901BF8868B00BDEDCE /* Debug */,
				B27018911BF8868B00BDEDCE /* Release */,
			);
			defaultConfigurationIsVisible = 0;
			defaultConfigurationName = Release;
		};
		B275D6871BFDB6730061D372 /* Build configuration list for PBXNativeTarget "RunSslClient" */ = {
			isa = XCConfigurationList;
			buildConfigurations = (
				B275D6851BFDB6730061D372 /* Debug */,
				B275D6861BFDB6730061D372 /* Release */,
			);
			defaultConfigurationIsVisible = 0;
			defaultConfigurationName = Release;
		};
		B2AADA851B64455C00688FC5 /* Build configuration list for PBXProject "HelloAsio" */ = {
			isa = XCConfigurationList;
			buildConfigurations = (
				B2AADA8F1B64455C00688FC5 /* Debug */,
				B2AADA901B64455C00688FC5 /* Release */,
			);
			defaultConfigurationIsVisible = 0;
			defaultConfigurationName = Release;
		};
		B2AADA911B64455C00688FC5 /* Build configuration list for PBXNativeTarget "HelloAsio" */ = {
			isa = XCConfigurationList;
			buildConfigurations = (
				B2AADA921B64455C00688FC5 /* Debug */,
				B2AADA931B64455C00688FC5 /* Release */,
			);
			defaultConfigurationIsVisible = 0;
			defaultConfigurationName = Release;
		};
		B2AADAA01B64460400688FC5 /* Build configuration list for PBXNativeTarget "IoServices" */ = {
			isa = XCConfigurationList;
			buildConfigurations = (
				B2AADAA11B64460400688FC5 /* Debug */,
				B2AADAA21B64460400688FC5 /* Release */,
			);
			defaultConfigurationIsVisible = 0;
			defaultConfigurationName = Release;
		};
		B2DFE9AE1B6B3B3600CED951 /* Build configuration list for PBXNativeTarget "TestServices" */ = {
			isa = XCConfigurationList;
			buildConfigurations = (
				B2DFE9AC1B6B3B3600CED951 /* Debug */,
				B2DFE9AD1B6B3B3600CED951 /* Release */,
			);
			defaultConfigurationIsVisible = 0;
			defaultConfigurationName = Release;
		};
/* End XCConfigurationList section */
	};
	rootObject = B2AADA821B64455C00688FC5 /* Project object */;
}
